
Microsoft Visual Studio Solution File, Format Version 12.00
# Visual Studio 15
VisualStudioVersion = 15.0.28307.1145
MinimumVisualStudioVersion = 10.0.40219.1
Project("{FAE04EC0-301F-11D3-BF4B-00C04F79EFBC}") = "DotNetCoreStudy", "DotNetCoreStudy\DotNetCoreStudy.csproj", "{823FDFE1-5BB7-4F00-92AE-E9A0A7F98B00}"
EndProject
Project("{FAE04EC0-301F-11D3-BF4B-00C04F79EFBC}") = "ConfigurationDemo", "Samples\ConfigurationDemo\ConfigurationDemo.csproj", "{5CA3B962-6E33-4EB6-9E86-55E005444E70}"
EndProject
Project("{2150E333-8FDC-42A3-9474-1A3956D46DE8}") = "Samples", "Samples", "{426D3277-07E1-4B0C-A175-1290F5386FB2}"
EndProject
Global
	GlobalSection(SolutionConfigurationPlatforms) = preSolution
		Debug|Any CPU = Debug|Any CPU
		Release|Any CPU = Release|Any CPU
	EndGlobalSection
	GlobalSection(ProjectConfigurationPlatforms) = postSolution
		{823FDFE1-5BB7-4F00-92AE-E9A0A7F98B00}.Debug|Any CPU.ActiveCfg = Debug|Any CPU
		{823FDFE1-5BB7-4F00-92AE-E9A0A7F98B00}.Debug|Any CPU.Build.0 = Debug|Any CPU
		{823FDFE1-5BB7-4F00-92AE-E9A0A7F98B00}.Release|Any CPU.ActiveCfg = Release|Any CPU
		{823FDFE1-5BB7-4F00-92AE-E9A0A7F98B00}.Release|Any CPU.Build.0 = Release|Any CPU
		{5CA3B962-6E33-4EB6-9E86-55E005444E70}.Debug|Any CPU.ActiveCfg = Debug|Any CPU
		{5CA3B962-6E33-4EB6-9E86-55E005444E70}.Debug|Any CPU.Build.0 = Debug|Any CPU
		{5CA3B962-6E33-4EB6-9E86-55E005444E70}.Release|Any CPU.ActiveCfg = Release|Any CPU
		{5CA3B962-6E33-4EB6-9E86-55E005444E70}.Release|Any CPU.Build.0 = Release|Any CPU
	EndGlobalSection
	GlobalSection(SolutionProperties) = preSolution
		HideSolutionNode = FALSE
	EndGlobalSection
	GlobalSection(NestedProjects) = preSolution
		{5CA3B962-6E33-4EB6-9E86-55E005444E70} = {426D3277-07E1-4B0C-A175-1290F5386FB2}
	EndGlobalSection
	GlobalSection(ExtensibilityGlobals) = postSolution
		SolutionGuid = {5760873F-AF68-4F35-B3B1-B31043BB890A}
	EndGlobalSection
EndGlobal
