
Microsoft Visual Studio Solution File, Format Version 12.00
# Visual Studio Version 16
VisualStudioVersion = 16.0.30204.135
MinimumVisualStudioVersion = 10.0.40219.1
Project("{9A19103F-16F7-4668-BE54-9A1E7A4F7556}") = "DotNetCoreStudy", "DotNetCoreStudy\DotNetCoreStudy.csproj", "{823FDFE1-5BB7-4F00-92AE-E9A0A7F98B00}"
EndProject
Project("{9A19103F-16F7-4668-BE54-9A1E7A4F7556}") = "ConfigurationDemo", "Samples\ConfigurationDemo\ConfigurationDemo.csproj", "{5CA3B962-6E33-4EB6-9E86-55E005444E70}"
EndProject
Project("{2150E333-8FDC-42A3-9474-1A3956D46DE8}") = "Samples", "Samples", "{426D3277-07E1-4B0C-A175-1290F5386FB2}"
EndProject
Project("{9A19103F-16F7-4668-BE54-9A1E7A4F7556}") = "StartupDemo", "Samples\StartupDemo\StartupDemo.csproj", "{FD942F6C-22A7-427C-9DA5-F99CC22047A6}"
EndProject
Project("{9A19103F-16F7-4668-BE54-9A1E7A4F7556}") = "LevenshteinDistanceDemo", "Samples\LevenshteinDistanceDemo\LevenshteinDistanceDemo.csproj", "{A658698E-5561-468D-8EEB-43A64A36C066}"
EndProject
Project("{9A19103F-16F7-4668-BE54-9A1E7A4F7556}") = "DependencyInjectionDemo", "Src\DependencyInjectionDemo\DependencyInjectionDemo.csproj", "{DB5F5C8D-2099-4A4B-8D7A-CB937138E04C}"
EndProject
Project("{2150E333-8FDC-42A3-9474-1A3956D46DE8}") = "grpc", "grpc", "{5CE4EAFB-EFA2-4A6E-B8CF-1C46726B7973}"
EndProject
Project("{9A19103F-16F7-4668-BE54-9A1E7A4F7556}") = "GrpcGreeter", "grpc\GrpcGreeter\GrpcGreeter.csproj", "{091EA4BC-70B3-4F2D-9481-28DC4F699FC8}"
EndProject
Project("{9A19103F-16F7-4668-BE54-9A1E7A4F7556}") = "GrpcGreeterClient", "grpc\GrpcGreeterClient\GrpcGreeterClient.csproj", "{B08597C5-2F9E-4759-B8E2-7BF8EC353AE0}"
EndProject
Project("{2150E333-8FDC-42A3-9474-1A3956D46DE8}") = "HttpClientDemo", "HttpClientDemo", "{1F854CD1-0D16-4E83-B69F-BA5ADAC5174D}"
EndProject
Project("{9A19103F-16F7-4668-BE54-9A1E7A4F7556}") = "HttpClientPractise", "HttpClientDemo\HttpClientPractise\HttpClientPractise.csproj", "{B4770E5E-03A2-409B-B7F6-84FE6CAE04F0}"
EndProject
Project("{2150E333-8FDC-42A3-9474-1A3956D46DE8}") = "RabbitMQ", "RabbitMQ", "{1B1EF223-2084-4123-9019-E17B6607E4F2}"
EndProject
Project("{2150E333-8FDC-42A3-9474-1A3956D46DE8}") = "Start", "Start", "{6F36874C-891C-4112-A46A-C0F80E691C47}"
EndProject
Project("{9A19103F-16F7-4668-BE54-9A1E7A4F7556}") = "Send", "RabbitMQ\Start\Send\Send.csproj", "{E7CE1C0A-9EEB-4FAB-9D79-1A3D7890F74D}"
EndProject
Project("{9A19103F-16F7-4668-BE54-9A1E7A4F7556}") = "Receive", "RabbitMQ\Start\Receive\Receive.csproj", "{B7277911-9F36-420A-81A1-D1D9783127BB}"
EndProject
Project("{2150E333-8FDC-42A3-9474-1A3956D46DE8}") = "WorkQueues", "WorkQueues", "{1BBC19DF-C91C-4814-ACD7-0E063E211AC2}"
EndProject
Project("{FAE04EC0-301F-11D3-BF4B-00C04F79EFBC}") = "NewTask", "RabbitMQ\WorkQueues\NewTask\NewTask.csproj", "{D9142B7C-4F12-4324-B80B-6F3484EDCCC9}"
EndProject
Project("{FAE04EC0-301F-11D3-BF4B-00C04F79EFBC}") = "Worker", "RabbitMQ\WorkQueues\Worker\Worker.csproj", "{8CF24FB3-766D-439F-896A-20ADCBB2473D}"
EndProject
Global
	GlobalSection(SolutionConfigurationPlatforms) = preSolution
		Debug|Any CPU = Debug|Any CPU
		Release|Any CPU = Release|Any CPU
	EndGlobalSection
	GlobalSection(ProjectConfigurationPlatforms) = postSolution
		{823FDFE1-5BB7-4F00-92AE-E9A0A7F98B00}.Debug|Any CPU.ActiveCfg = Debug|Any CPU
		{823FDFE1-5BB7-4F00-92AE-E9A0A7F98B00}.Debug|Any CPU.Build.0 = Debug|Any CPU
		{823FDFE1-5BB7-4F00-92AE-E9A0A7F98B00}.Release|Any CPU.ActiveCfg = Release|Any CPU
		{823FDFE1-5BB7-4F00-92AE-E9A0A7F98B00}.Release|Any CPU.Build.0 = Release|Any CPU
		{5CA3B962-6E33-4EB6-9E86-55E005444E70}.Debug|Any CPU.ActiveCfg = Debug|Any CPU
		{5CA3B962-6E33-4EB6-9E86-55E005444E70}.Debug|Any CPU.Build.0 = Debug|Any CPU
		{5CA3B962-6E33-4EB6-9E86-55E005444E70}.Release|Any CPU.ActiveCfg = Release|Any CPU
		{5CA3B962-6E33-4EB6-9E86-55E005444E70}.Release|Any CPU.Build.0 = Release|Any CPU
		{FD942F6C-22A7-427C-9DA5-F99CC22047A6}.Debug|Any CPU.ActiveCfg = Debug|Any CPU
		{FD942F6C-22A7-427C-9DA5-F99CC22047A6}.Debug|Any CPU.Build.0 = Debug|Any CPU
		{FD942F6C-22A7-427C-9DA5-F99CC22047A6}.Release|Any CPU.ActiveCfg = Release|Any CPU
		{FD942F6C-22A7-427C-9DA5-F99CC22047A6}.Release|Any CPU.Build.0 = Release|Any CPU
		{A658698E-5561-468D-8EEB-43A64A36C066}.Debug|Any CPU.ActiveCfg = Debug|Any CPU
		{A658698E-5561-468D-8EEB-43A64A36C066}.Debug|Any CPU.Build.0 = Debug|Any CPU
		{A658698E-5561-468D-8EEB-43A64A36C066}.Release|Any CPU.ActiveCfg = Release|Any CPU
		{A658698E-5561-468D-8EEB-43A64A36C066}.Release|Any CPU.Build.0 = Release|Any CPU
		{DB5F5C8D-2099-4A4B-8D7A-CB937138E04C}.Debug|Any CPU.ActiveCfg = Debug|Any CPU
		{DB5F5C8D-2099-4A4B-8D7A-CB937138E04C}.Debug|Any CPU.Build.0 = Debug|Any CPU
		{DB5F5C8D-2099-4A4B-8D7A-CB937138E04C}.Release|Any CPU.ActiveCfg = Release|Any CPU
		{DB5F5C8D-2099-4A4B-8D7A-CB937138E04C}.Release|Any CPU.Build.0 = Release|Any CPU
		{091EA4BC-70B3-4F2D-9481-28DC4F699FC8}.Debug|Any CPU.ActiveCfg = Debug|Any CPU
		{091EA4BC-70B3-4F2D-9481-28DC4F699FC8}.Debug|Any CPU.Build.0 = Debug|Any CPU
		{091EA4BC-70B3-4F2D-9481-28DC4F699FC8}.Release|Any CPU.ActiveCfg = Release|Any CPU
		{091EA4BC-70B3-4F2D-9481-28DC4F699FC8}.Release|Any CPU.Build.0 = Release|Any CPU
		{B08597C5-2F9E-4759-B8E2-7BF8EC353AE0}.Debug|Any CPU.ActiveCfg = Debug|Any CPU
		{B08597C5-2F9E-4759-B8E2-7BF8EC353AE0}.Debug|Any CPU.Build.0 = Debug|Any CPU
		{B08597C5-2F9E-4759-B8E2-7BF8EC353AE0}.Release|Any CPU.ActiveCfg = Release|Any CPU
		{B08597C5-2F9E-4759-B8E2-7BF8EC353AE0}.Release|Any CPU.Build.0 = Release|Any CPU
		{B4770E5E-03A2-409B-B7F6-84FE6CAE04F0}.Debug|Any CPU.ActiveCfg = Debug|Any CPU
		{B4770E5E-03A2-409B-B7F6-84FE6CAE04F0}.Debug|Any CPU.Build.0 = Debug|Any CPU
		{B4770E5E-03A2-409B-B7F6-84FE6CAE04F0}.Release|Any CPU.ActiveCfg = Release|Any CPU
		{B4770E5E-03A2-409B-B7F6-84FE6CAE04F0}.Release|Any CPU.Build.0 = Release|Any CPU
		{E7CE1C0A-9EEB-4FAB-9D79-1A3D7890F74D}.Debug|Any CPU.ActiveCfg = Debug|Any CPU
		{E7CE1C0A-9EEB-4FAB-9D79-1A3D7890F74D}.Debug|Any CPU.Build.0 = Debug|Any CPU
		{E7CE1C0A-9EEB-4FAB-9D79-1A3D7890F74D}.Release|Any CPU.ActiveCfg = Release|Any CPU
		{E7CE1C0A-9EEB-4FAB-9D79-1A3D7890F74D}.Release|Any CPU.Build.0 = Release|Any CPU
		{B7277911-9F36-420A-81A1-D1D9783127BB}.Debug|Any CPU.ActiveCfg = Debug|Any CPU
		{B7277911-9F36-420A-81A1-D1D9783127BB}.Debug|Any CPU.Build.0 = Debug|Any CPU
		{B7277911-9F36-420A-81A1-D1D9783127BB}.Release|Any CPU.ActiveCfg = Release|Any CPU
		{B7277911-9F36-420A-81A1-D1D9783127BB}.Release|Any CPU.Build.0 = Release|Any CPU
		{D9142B7C-4F12-4324-B80B-6F3484EDCCC9}.Debug|Any CPU.ActiveCfg = Debug|Any CPU
		{D9142B7C-4F12-4324-B80B-6F3484EDCCC9}.Debug|Any CPU.Build.0 = Debug|Any CPU
		{D9142B7C-4F12-4324-B80B-6F3484EDCCC9}.Release|Any CPU.ActiveCfg = Release|Any CPU
		{D9142B7C-4F12-4324-B80B-6F3484EDCCC9}.Release|Any CPU.Build.0 = Release|Any CPU
		{8CF24FB3-766D-439F-896A-20ADCBB2473D}.Debug|Any CPU.ActiveCfg = Debug|Any CPU
		{8CF24FB3-766D-439F-896A-20ADCBB2473D}.Debug|Any CPU.Build.0 = Debug|Any CPU
		{8CF24FB3-766D-439F-896A-20ADCBB2473D}.Release|Any CPU.ActiveCfg = Release|Any CPU
		{8CF24FB3-766D-439F-896A-20ADCBB2473D}.Release|Any CPU.Build.0 = Release|Any CPU
	EndGlobalSection
	GlobalSection(SolutionProperties) = preSolution
		HideSolutionNode = FALSE
	EndGlobalSection
	GlobalSection(NestedProjects) = preSolution
		{5CA3B962-6E33-4EB6-9E86-55E005444E70} = {426D3277-07E1-4B0C-A175-1290F5386FB2}
		{FD942F6C-22A7-427C-9DA5-F99CC22047A6} = {426D3277-07E1-4B0C-A175-1290F5386FB2}
		{A658698E-5561-468D-8EEB-43A64A36C066} = {426D3277-07E1-4B0C-A175-1290F5386FB2}
		{DB5F5C8D-2099-4A4B-8D7A-CB937138E04C} = {426D3277-07E1-4B0C-A175-1290F5386FB2}
		{091EA4BC-70B3-4F2D-9481-28DC4F699FC8} = {5CE4EAFB-EFA2-4A6E-B8CF-1C46726B7973}
		{B08597C5-2F9E-4759-B8E2-7BF8EC353AE0} = {5CE4EAFB-EFA2-4A6E-B8CF-1C46726B7973}
		{B4770E5E-03A2-409B-B7F6-84FE6CAE04F0} = {1F854CD1-0D16-4E83-B69F-BA5ADAC5174D}
		{6F36874C-891C-4112-A46A-C0F80E691C47} = {1B1EF223-2084-4123-9019-E17B6607E4F2}
		{E7CE1C0A-9EEB-4FAB-9D79-1A3D7890F74D} = {6F36874C-891C-4112-A46A-C0F80E691C47}
		{B7277911-9F36-420A-81A1-D1D9783127BB} = {6F36874C-891C-4112-A46A-C0F80E691C47}
		{1BBC19DF-C91C-4814-ACD7-0E063E211AC2} = {1B1EF223-2084-4123-9019-E17B6607E4F2}
		{D9142B7C-4F12-4324-B80B-6F3484EDCCC9} = {1BBC19DF-C91C-4814-ACD7-0E063E211AC2}
		{8CF24FB3-766D-439F-896A-20ADCBB2473D} = {1BBC19DF-C91C-4814-ACD7-0E063E211AC2}
	EndGlobalSection
	GlobalSection(ExtensibilityGlobals) = postSolution
		SolutionGuid = {5760873F-AF68-4F35-B3B1-B31043BB890A}
	EndGlobalSection
EndGlobal
